// !$*UTF8*$!
{
	archiveVersion = 1;
	classes = {
	};
	objectVersion = 55;
	objects = {

/* Begin PBXBuildFile section */
		7DE86A98404E1A6C34FFEF6F /* Pods_DiscountApp.framework in Frameworks */ = {isa = PBXBuildFile; fileRef = 357A7297501071952FE98474 /* Pods_DiscountApp.framework */; };
		8533AF89286CBCBD00855B5D /* AdditionalOptionsButton.swift in Sources */ = {isa = PBXBuildFile; fileRef = 8533AF88286CBCBD00855B5D /* AdditionalOptionsButton.swift */; };
		8533AF8B286CBF9C00855B5D /* RoundedButton.swift in Sources */ = {isa = PBXBuildFile; fileRef = 8533AF8A286CBF9C00855B5D /* RoundedButton.swift */; };
		8533AF8E286CC2AB00855B5D /* UIView+Extensions.swift in Sources */ = {isa = PBXBuildFile; fileRef = 8533AF8D286CC2AB00855B5D /* UIView+Extensions.swift */; };
		8533AF90286DDED800855B5D /* UIColor+Extensions.swift in Sources */ = {isa = PBXBuildFile; fileRef = 8533AF8F286DDED700855B5D /* UIColor+Extensions.swift */; };
		8533AF92286E190C00855B5D /* TimerStackView.swift in Sources */ = {isa = PBXBuildFile; fileRef = 8533AF91286E190C00855B5D /* TimerStackView.swift */; };
		8533AF96286E307000855B5D /* TimerManager.swift in Sources */ = {isa = PBXBuildFile; fileRef = 8533AF95286E307000855B5D /* TimerManager.swift */; };
		8533AF9A286E359800855B5D /* TimerManagerDelegate.swift in Sources */ = {isa = PBXBuildFile; fileRef = 8533AF99286E359800855B5D /* TimerManagerDelegate.swift */; };
		8533AF9C286E3A2A00855B5D /* Int+Extensions.swift in Sources */ = {isa = PBXBuildFile; fileRef = 8533AF9B286E3A2A00855B5D /* Int+Extensions.swift */; };
		8533AF9E286E3D5900855B5D /* TimerComponentView.swift in Sources */ = {isa = PBXBuildFile; fileRef = 8533AF9D286E3D5900855B5D /* TimerComponentView.swift */; };
		85931008286F9FBC008549D9 /* PopUpViewController.swift in Sources */ = {isa = PBXBuildFile; fileRef = 85931007286F9FBB008549D9 /* PopUpViewController.swift */; };
		8593101A28706BED008549D9 /* CGFloat+Extensions.swift in Sources */ = {isa = PBXBuildFile; fileRef = 8593101928706BED008549D9 /* CGFloat+Extensions.swift */; };
		85EF39F0286CA12500BDFC60 /* AppDelegate.swift in Sources */ = {isa = PBXBuildFile; fileRef = 85EF39EF286CA12500BDFC60 /* AppDelegate.swift */; };
		85EF39F2286CA12500BDFC60 /* SceneDelegate.swift in Sources */ = {isa = PBXBuildFile; fileRef = 85EF39F1286CA12500BDFC60 /* SceneDelegate.swift */; };
		85EF39F4286CA12500BDFC60 /* ViewController.swift in Sources */ = {isa = PBXBuildFile; fileRef = 85EF39F3286CA12500BDFC60 /* ViewController.swift */; };
		85EF39F9286CA12800BDFC60 /* Assets.xcassets in Resources */ = {isa = PBXBuildFile; fileRef = 85EF39F8286CA12800BDFC60 /* Assets.xcassets */; };
		85EF39FC286CA12800BDFC60 /* LaunchScreen.storyboard in Resources */ = {isa = PBXBuildFile; fileRef = 85EF39FA286CA12800BDFC60 /* LaunchScreen.storyboard */; };
		85F6DFC9286E560A004438A2 /* SeparatorLabel.swift in Sources */ = {isa = PBXBuildFile; fileRef = 85F6DFC8286E560A004438A2 /* SeparatorLabel.swift */; };
/* End PBXBuildFile section */

/* Begin PBXFileReference section */
		357A7297501071952FE98474 /* Pods_DiscountApp.framework */ = {isa = PBXFileReference; explicitFileType = wrapper.framework; includeInIndex = 0; path = Pods_DiscountApp.framework; sourceTree = BUILT_PRODUCTS_DIR; };
		4BE23049144C4ADE6CD03277 /* Pods-DiscountApp.release.xcconfig */ = {isa = PBXFileReference; includeInIndex = 1; lastKnownFileType = text.xcconfig; name = "Pods-DiscountApp.release.xcconfig"; path = "Target Support Files/Pods-DiscountApp/Pods-DiscountApp.release.xcconfig"; sourceTree = "<group>"; };
		8533AF88286CBCBD00855B5D /* AdditionalOptionsButton.swift */ = {isa = PBXFileReference; lastKnownFileType = sourcecode.swift; path = AdditionalOptionsButton.swift; sourceTree = "<group>"; };
		8533AF8A286CBF9C00855B5D /* RoundedButton.swift */ = {isa = PBXFileReference; lastKnownFileType = sourcecode.swift; path = RoundedButton.swift; sourceTree = "<group>"; };
		8533AF8D286CC2AB00855B5D /* UIView+Extensions.swift */ = {isa = PBXFileReference; lastKnownFileType = sourcecode.swift; path = "UIView+Extensions.swift"; sourceTree = "<group>"; };
		8533AF8F286DDED700855B5D /* UIColor+Extensions.swift */ = {isa = PBXFileReference; lastKnownFileType = sourcecode.swift; path = "UIColor+Extensions.swift"; sourceTree = "<group>"; };
		8533AF91286E190C00855B5D /* TimerStackView.swift */ = {isa = PBXFileReference; lastKnownFileType = sourcecode.swift; path = TimerStackView.swift; sourceTree = "<group>"; };
		8533AF95286E307000855B5D /* TimerManager.swift */ = {isa = PBXFileReference; lastKnownFileType = sourcecode.swift; path = TimerManager.swift; sourceTree = "<group>"; };
		8533AF99286E359800855B5D /* TimerManagerDelegate.swift */ = {isa = PBXFileReference; lastKnownFileType = sourcecode.swift; path = TimerManagerDelegate.swift; sourceTree = "<group>"; };
		8533AF9B286E3A2A00855B5D /* Int+Extensions.swift */ = {isa = PBXFileReference; lastKnownFileType = sourcecode.swift; path = "Int+Extensions.swift"; sourceTree = "<group>"; };
		8533AF9D286E3D5900855B5D /* TimerComponentView.swift */ = {isa = PBXFileReference; lastKnownFileType = sourcecode.swift; path = TimerComponentView.swift; sourceTree = "<group>"; };
		85931007286F9FBB008549D9 /* PopUpViewController.swift */ = {isa = PBXFileReference; lastKnownFileType = sourcecode.swift; path = PopUpViewController.swift; sourceTree = "<group>"; };
		8593101928706BED008549D9 /* CGFloat+Extensions.swift */ = {isa = PBXFileReference; lastKnownFileType = sourcecode.swift; path = "CGFloat+Extensions.swift"; sourceTree = "<group>"; };
		85EF39EC286CA12500BDFC60 /* DiscountApp.app */ = {isa = PBXFileReference; explicitFileType = wrapper.application; includeInIndex = 0; path = DiscountApp.app; sourceTree = BUILT_PRODUCTS_DIR; };
		85EF39EF286CA12500BDFC60 /* AppDelegate.swift */ = {isa = PBXFileReference; lastKnownFileType = sourcecode.swift; path = AppDelegate.swift; sourceTree = "<group>"; };
		85EF39F1286CA12500BDFC60 /* SceneDelegate.swift */ = {isa = PBXFileReference; lastKnownFileType = sourcecode.swift; path = SceneDelegate.swift; sourceTree = "<group>"; };
		85EF39F3286CA12500BDFC60 /* ViewController.swift */ = {isa = PBXFileReference; lastKnownFileType = sourcecode.swift; path = ViewController.swift; sourceTree = "<group>"; };
		85EF39F8286CA12800BDFC60 /* Assets.xcassets */ = {isa = PBXFileReference; lastKnownFileType = folder.assetcatalog; path = Assets.xcassets; sourceTree = "<group>"; };
		85EF39FB286CA12800BDFC60 /* Base */ = {isa = PBXFileReference; lastKnownFileType = file.storyboard; name = Base; path = Base.lproj/LaunchScreen.storyboard; sourceTree = "<group>"; };
		85EF39FD286CA12800BDFC60 /* Info.plist */ = {isa = PBXFileReference; lastKnownFileType = text.plist.xml; path = Info.plist; sourceTree = "<group>"; };
		85F6DFC8286E560A004438A2 /* SeparatorLabel.swift */ = {isa = PBXFileReference; lastKnownFileType = sourcecode.swift; path = SeparatorLabel.swift; sourceTree = "<group>"; };
		8C274C9E8B504A130BFECB0A /* Pods-DiscountApp.debug.xcconfig */ = {isa = PBXFileReference; includeInIndex = 1; lastKnownFileType = text.xcconfig; name = "Pods-DiscountApp.debug.xcconfig"; path = "Target Support Files/Pods-DiscountApp/Pods-DiscountApp.debug.xcconfig"; sourceTree = "<group>"; };
/* End PBXFileReference section */

/* Begin PBXFrameworksBuildPhase section */
		85EF39E9286CA12500BDFC60 /* Frameworks */ = {
			isa = PBXFrameworksBuildPhase;
			buildActionMask = 2147483647;
			files = (
				7DE86A98404E1A6C34FFEF6F /* Pods_DiscountApp.framework in Frameworks */,
			);
			runOnlyForDeploymentPostprocessing = 0;
		};
/* End PBXFrameworksBuildPhase section */

/* Begin PBXGroup section */
		5A46835EE6D4D90290FCFF15 /* Pods */ = {
			isa = PBXGroup;
			children = (
				8C274C9E8B504A130BFECB0A /* Pods-DiscountApp.debug.xcconfig */,
				4BE23049144C4ADE6CD03277 /* Pods-DiscountApp.release.xcconfig */,
			);
			path = Pods;
			sourceTree = "<group>";
		};
		8533AF87286CBCA100855B5D /* CustomViews */ = {
			isa = PBXGroup;
			children = (
				8533AF94286E194A00855B5D /* Views */,
				8533AF93286E193200855B5D /* Buttons */,
			);
			path = CustomViews;
			sourceTree = "<group>";
		};
		8533AF8C286CC29500855B5D /* Extensions */ = {
			isa = PBXGroup;
			children = (
				8533AF8D286CC2AB00855B5D /* UIView+Extensions.swift */,
				8533AF8F286DDED700855B5D /* UIColor+Extensions.swift */,
				8533AF9B286E3A2A00855B5D /* Int+Extensions.swift */,
				8593101928706BED008549D9 /* CGFloat+Extensions.swift */,
			);
			path = Extensions;
			sourceTree = "<group>";
		};
		8533AF93286E193200855B5D /* Buttons */ = {
			isa = PBXGroup;
			children = (
				8533AF8A286CBF9C00855B5D /* RoundedButton.swift */,
				8533AF88286CBCBD00855B5D /* AdditionalOptionsButton.swift */,
			);
			path = Buttons;
			sourceTree = "<group>";
		};
		8533AF94286E194A00855B5D /* Views */ = {
			isa = PBXGroup;
			children = (
				8533AF91286E190C00855B5D /* TimerStackView.swift */,
				8533AF9D286E3D5900855B5D /* TimerComponentView.swift */,
				85F6DFC8286E560A004438A2 /* SeparatorLabel.swift */,
			);
			path = Views;
			sourceTree = "<group>";
		};
		8533AF97286E307600855B5D /* Models */ = {
			isa = PBXGroup;
			children = (
				8533AF95286E307000855B5D /* TimerManager.swift */,
			);
			path = Models;
			sourceTree = "<group>";
		};
		8533AF98286E32B400855B5D /* Delegates */ = {
			isa = PBXGroup;
			children = (
				8533AF99286E359800855B5D /* TimerManagerDelegate.swift */,
			);
			path = Delegates;
			sourceTree = "<group>";
		};
		85EC078A286CAA1A001AFBF0 /* Library */ = {
			isa = PBXGroup;
			children = (
				8533AF8C286CC29500855B5D /* Extensions */,
				8533AF87286CBCA100855B5D /* CustomViews */,
			);
			path = Library;
			sourceTree = "<group>";
		};
		85EF39E3286CA12500BDFC60 = {
			isa = PBXGroup;
			children = (
				85EF39EE286CA12500BDFC60 /* DiscountApp */,
				85EF39ED286CA12500BDFC60 /* Products */,
				5A46835EE6D4D90290FCFF15 /* Pods */,
				DFDD3C2A634B06083C8D2154 /* Frameworks */,
			);
			sourceTree = "<group>";
		};
		85EF39ED286CA12500BDFC60 /* Products */ = {
			isa = PBXGroup;
			children = (
				85EF39EC286CA12500BDFC60 /* DiscountApp.app */,
			);
			name = Products;
			sourceTree = "<group>";
		};
		85EF39EE286CA12500BDFC60 /* DiscountApp */ = {
			isa = PBXGroup;
			children = (
				85EF3A03286CA14600BDFC60 /* Application */,
				8533AF98286E32B400855B5D /* Delegates */,
				8533AF97286E307600855B5D /* Models */,
				85EF3A05286CA1EE00BDFC60 /* ViewControllers */,
				85EC078A286CAA1A001AFBF0 /* Library */,
				85EF3A04286CA15C00BDFC60 /* Resources */,
			);
			path = DiscountApp;
			sourceTree = "<group>";
		};
		85EF3A03286CA14600BDFC60 /* Application */ = {
			isa = PBXGroup;
			children = (
				85EF39EF286CA12500BDFC60 /* AppDelegate.swift */,
				85EF39F1286CA12500BDFC60 /* SceneDelegate.swift */,
				85EF39FA286CA12800BDFC60 /* LaunchScreen.storyboard */,
				85EF39FD286CA12800BDFC60 /* Info.plist */,
			);
			path = Application;
			sourceTree = "<group>";
		};
		85EF3A04286CA15C00BDFC60 /* Resources */ = {
			isa = PBXGroup;
			children = (
				85EF39F8286CA12800BDFC60 /* Assets.xcassets */,
			);
			path = Resources;
			sourceTree = "<group>";
		};
		85EF3A05286CA1EE00BDFC60 /* ViewControllers */ = {
			isa = PBXGroup;
			children = (
				85EF39F3286CA12500BDFC60 /* ViewController.swift */,
				85931007286F9FBB008549D9 /* PopUpViewController.swift */,
			);
			path = ViewControllers;
			sourceTree = "<group>";
		};
		DFDD3C2A634B06083C8D2154 /* Frameworks */ = {
			isa = PBXGroup;
			children = (
				357A7297501071952FE98474 /* Pods_DiscountApp.framework */,
			);
			name = Frameworks;
			sourceTree = "<group>";
		};
/* End PBXGroup section */

/* Begin PBXNativeTarget section */
		85EF39EB286CA12500BDFC60 /* DiscountApp */ = {
			isa = PBXNativeTarget;
			buildConfigurationList = 85EF3A00286CA12800BDFC60 /* Build configuration list for PBXNativeTarget "DiscountApp" */;
			buildPhases = (
				B6BB1A33F19824A0F6D1ECA9 /* [CP] Check Pods Manifest.lock */,
				85EF39E8286CA12500BDFC60 /* Sources */,
				85EF39E9286CA12500BDFC60 /* Frameworks */,
				85EF39EA286CA12500BDFC60 /* Resources */,
				A27FA7BC1902F923B695E841 /* [CP] Embed Pods Frameworks */,
			);
			buildRules = (
			);
			dependencies = (
			);
			name = DiscountApp;
			productName = DiscountApp;
			productReference = 85EF39EC286CA12500BDFC60 /* DiscountApp.app */;
			productType = "com.apple.product-type.application";
		};
/* End PBXNativeTarget section */

/* Begin PBXProject section */
		85EF39E4286CA12500BDFC60 /* Project object */ = {
			isa = PBXProject;
			attributes = {
				BuildIndependentTargetsInParallel = 1;
				LastSwiftUpdateCheck = 1340;
				LastUpgradeCheck = 1340;
				TargetAttributes = {
					85EF39EB286CA12500BDFC60 = {
						CreatedOnToolsVersion = 13.4.1;
					};
				};
			};
			buildConfigurationList = 85EF39E7286CA12500BDFC60 /* Build configuration list for PBXProject "DiscountApp" */;
			compatibilityVersion = "Xcode 13.0";
			developmentRegion = en;
			hasScannedForEncodings = 0;
			knownRegions = (
				en,
				Base,
			);
			mainGroup = 85EF39E3286CA12500BDFC60;
			productRefGroup = 85EF39ED286CA12500BDFC60 /* Products */;
			projectDirPath = "";
			projectRoot = "";
			targets = (
				85EF39EB286CA12500BDFC60 /* DiscountApp */,
			);
		};
/* End PBXProject section */

/* Begin PBXResourcesBuildPhase section */
		85EF39EA286CA12500BDFC60 /* Resources */ = {
			isa = PBXResourcesBuildPhase;
			buildActionMask = 2147483647;
			files = (
				85EF39FC286CA12800BDFC60 /* LaunchScreen.storyboard in Resources */,
				85EF39F9286CA12800BDFC60 /* Assets.xcassets in Resources */,
			);
			runOnlyForDeploymentPostprocessing = 0;
		};
/* End PBXResourcesBuildPhase section */

/* Begin PBXShellScriptBuildPhase section */
		A27FA7BC1902F923B695E841 /* [CP] Embed Pods Frameworks */ = {
			isa = PBXShellScriptBuildPhase;
			buildActionMask = 2147483647;
			files = (
			);
			inputFileListPaths = (
				"${PODS_ROOT}/Target Support Files/Pods-DiscountApp/Pods-DiscountApp-frameworks-${CONFIGURATION}-input-files.xcfilelist",
			);
			name = "[CP] Embed Pods Frameworks";
			outputFileListPaths = (
				"${PODS_ROOT}/Target Support Files/Pods-DiscountApp/Pods-DiscountApp-frameworks-${CONFIGURATION}-output-files.xcfilelist",
			);
			runOnlyForDeploymentPostprocessing = 0;
			shellPath = /bin/sh;
			shellScript = "\"${PODS_ROOT}/Target Support Files/Pods-DiscountApp/Pods-DiscountApp-frameworks.sh\"\n";
			showEnvVarsInLog = 0;
		};
		B6BB1A33F19824A0F6D1ECA9 /* [CP] Check Pods Manifest.lock */ = {
			isa = PBXShellScriptBuildPhase;
			buildActionMask = 2147483647;
			files = (
			);
			inputFileListPaths = (
			);
			inputPaths = (
				"${PODS_PODFILE_DIR_PATH}/Podfile.lock",
				"${PODS_ROOT}/Manifest.lock",
			);
			name = "[CP] Check Pods Manifest.lock";
			outputFileListPaths = (
			);
			outputPaths = (
				"$(DERIVED_FILE_DIR)/Pods-DiscountApp-checkManifestLockResult.txt",
			);
			runOnlyForDeploymentPostprocessing = 0;
			shellPath = /bin/sh;
			shellScript = "diff \"${PODS_PODFILE_DIR_PATH}/Podfile.lock\" \"${PODS_ROOT}/Manifest.lock\" > /dev/null\nif [ $? != 0 ] ; then\n    # print error to STDERR\n    echo \"error: The sandbox is not in sync with the Podfile.lock. Run 'pod install' or update your CocoaPods installation.\" >&2\n    exit 1\nfi\n# This output is used by Xcode 'outputs' to avoid re-running this script phase.\necho \"SUCCESS\" > \"${SCRIPT_OUTPUT_FILE_0}\"\n";
			showEnvVarsInLog = 0;
		};
/* End PBXShellScriptBuildPhase section */

/* Begin PBXSourcesBuildPhase section */
		85EF39E8286CA12500BDFC60 /* Sources */ = {
			isa = PBXSourcesBuildPhase;
			buildActionMask = 2147483647;
			files = (
				8533AF92286E190C00855B5D /* TimerStackView.swift in Sources */,
				8593101A28706BED008549D9 /* CGFloat+Extensions.swift in Sources */,
				8533AF9C286E3A2A00855B5D /* Int+Extensions.swift in Sources */,
				8533AF9E286E3D5900855B5D /* TimerComponentView.swift in Sources */,
				85EF39F4286CA12500BDFC60 /* ViewController.swift in Sources */,
				8533AF90286DDED800855B5D /* UIColor+Extensions.swift in Sources */,
				8533AF96286E307000855B5D /* TimerManager.swift in Sources */,
				8533AF8B286CBF9C00855B5D /* RoundedButton.swift in Sources */,
				85EF39F0286CA12500BDFC60 /* AppDelegate.swift in Sources */,
				8533AF8E286CC2AB00855B5D /* UIView+Extensions.swift in Sources */,
				8533AF9A286E359800855B5D /* TimerManagerDelegate.swift in Sources */,
				85931008286F9FBC008549D9 /* PopUpViewController.swift in Sources */,
				8533AF89286CBCBD00855B5D /* AdditionalOptionsButton.swift in Sources */,
				85EF39F2286CA12500BDFC60 /* SceneDelegate.swift in Sources */,
				85F6DFC9286E560A004438A2 /* SeparatorLabel.swift in Sources */,
			);
			runOnlyForDeploymentPostprocessing = 0;
		};
/* End PBXSourcesBuildPhase section */

/* Begin PBXVariantGroup section */
		85EF39FA286CA12800BDFC60 /* LaunchScreen.storyboard */ = {
			isa = PBXVariantGroup;
			children = (
				85EF39FB286CA12800BDFC60 /* Base */,
			);
			name = LaunchScreen.storyboard;
			sourceTree = "<group>";
		};
/* End PBXVariantGroup section */

/* Begin XCBuildConfiguration section */
		85EF39FE286CA12800BDFC60 /* Debug */ = {
			isa = XCBuildConfiguration;
			buildSettings = {
				ALWAYS_SEARCH_USER_PATHS = NO;
				CLANG_ANALYZER_NONNULL = YES;
				CLANG_ANALYZER_NUMBER_OBJECT_CONVERSION = YES_AGGRESSIVE;
				CLANG_CXX_LANGUAGE_STANDARD = "gnu++17";
				CLANG_ENABLE_MODULES = YES;
				CLANG_ENABLE_OBJC_ARC = YES;
				CLANG_ENABLE_OBJC_WEAK = YES;
				CLANG_WARN_BLOCK_CAPTURE_AUTORELEASING = YES;
				CLANG_WARN_BOOL_CONVERSION = YES;
				CLANG_WARN_COMMA = YES;
				CLANG_WARN_CONSTANT_CONVERSION = YES;
				CLANG_WARN_DEPRECATED_OBJC_IMPLEMENTATIONS = YES;
				CLANG_WARN_DIRECT_OBJC_ISA_USAGE = YES_ERROR;
				CLANG_WARN_DOCUMENTATION_COMMENTS = YES;
				CLANG_WARN_EMPTY_BODY = YES;
				CLANG_WARN_ENUM_CONVERSION = YES;
				CLANG_WARN_INFINITE_RECURSION = YES;
				CLANG_WARN_INT_CONVERSION = YES;
				CLANG_WARN_NON_LITERAL_NULL_CONVERSION = YES;
				CLANG_WARN_OBJC_IMPLICIT_RETAIN_SELF = YES;
				CLANG_WARN_OBJC_LITERAL_CONVERSION = YES;
				CLANG_WARN_OBJC_ROOT_CLASS = YES_ERROR;
				CLANG_WARN_QUOTED_INCLUDE_IN_FRAMEWORK_HEADER = YES;
				CLANG_WARN_RANGE_LOOP_ANALYSIS = YES;
				CLANG_WARN_STRICT_PROTOTYPES = YES;
				CLANG_WARN_SUSPICIOUS_MOVE = YES;
				CLANG_WARN_UNGUARDED_AVAILABILITY = YES_AGGRESSIVE;
				CLANG_WARN_UNREACHABLE_CODE = YES;
				CLANG_WARN__DUPLICATE_METHOD_MATCH = YES;
				COPY_PHASE_STRIP = NO;
				DEBUG_INFORMATION_FORMAT = dwarf;
				ENABLE_STRICT_OBJC_MSGSEND = YES;
				ENABLE_TESTABILITY = YES;
				GCC_C_LANGUAGE_STANDARD = gnu11;
				GCC_DYNAMIC_NO_PIC = NO;
				GCC_NO_COMMON_BLOCKS = YES;
				GCC_OPTIMIZATION_LEVEL = 0;
				GCC_PREPROCESSOR_DEFINITIONS = (
					"DEBUG=1",
					"$(inherited)",
				);
				GCC_WARN_64_TO_32_BIT_CONVERSION = YES;
				GCC_WARN_ABOUT_RETURN_TYPE = YES_ERROR;
				GCC_WARN_UNDECLARED_SELECTOR = YES;
				GCC_WARN_UNINITIALIZED_AUTOS = YES_AGGRESSIVE;
				GCC_WARN_UNUSED_FUNCTION = YES;
				GCC_WARN_UNUSED_VARIABLE = YES;
				IPHONEOS_DEPLOYMENT_TARGET = 15.5;
				MTL_ENABLE_DEBUG_INFO = INCLUDE_SOURCE;
				MTL_FAST_MATH = YES;
				ONLY_ACTIVE_ARCH = YES;
				SDKROOT = iphoneos;
				SWIFT_ACTIVE_COMPILATION_CONDITIONS = DEBUG;
				SWIFT_OPTIMIZATION_LEVEL = "-Onone";
			};
			name = Debug;
		};
		85EF39FF286CA12800BDFC60 /* Release */ = {
			isa = XCBuildConfiguration;
			buildSettings = {
				ALWAYS_SEARCH_USER_PATHS = NO;
				CLANG_ANALYZER_NONNULL = YES;
				CLANG_ANALYZER_NUMBER_OBJECT_CONVERSION = YES_AGGRESSIVE;
				CLANG_CXX_LANGUAGE_STANDARD = "gnu++17";
				CLANG_ENABLE_MODULES = YES;
				CLANG_ENABLE_OBJC_ARC = YES;
				CLANG_ENABLE_OBJC_WEAK = YES;
				CLANG_WARN_BLOCK_CAPTURE_AUTORELEASING = YES;
				CLANG_WARN_BOOL_CONVERSION = YES;
				CLANG_WARN_COMMA = YES;
				CLANG_WARN_CONSTANT_CONVERSION = YES;
				CLANG_WARN_DEPRECATED_OBJC_IMPLEMENTATIONS = YES;
				CLANG_WARN_DIRECT_OBJC_ISA_USAGE = YES_ERROR;
				CLANG_WARN_DOCUMENTATION_COMMENTS = YES;
				CLANG_WARN_EMPTY_BODY = YES;
				CLANG_WARN_ENUM_CONVERSION = YES;
				CLANG_WARN_INFINITE_RECURSION = YES;
				CLANG_WARN_INT_CONVERSION = YES;
				CLANG_WARN_NON_LITERAL_NULL_CONVERSION = YES;
				CLANG_WARN_OBJC_IMPLICIT_RETAIN_SELF = YES;
				CLANG_WARN_OBJC_LITERAL_CONVERSION = YES;
				CLANG_WARN_OBJC_ROOT_CLASS = YES_ERROR;
				CLANG_WARN_QUOTED_INCLUDE_IN_FRAMEWORK_HEADER = YES;
				CLANG_WARN_RANGE_LOOP_ANALYSIS = YES;
				CLANG_WARN_STRICT_PROTOTYPES = YES;
				CLANG_WARN_SUSPICIOUS_MOVE = YES;
				CLANG_WARN_UNGUARDED_AVAILABILITY = YES_AGGRESSIVE;
				CLANG_WARN_UNREACHABLE_CODE = YES;
				CLANG_WARN__DUPLICATE_METHOD_MATCH = YES;
				COPY_PHASE_STRIP = NO;
				DEBUG_INFORMATION_FORMAT = "dwarf-with-dsym";
				ENABLE_NS_ASSERTIONS = NO;
				ENABLE_STRICT_OBJC_MSGSEND = YES;
				GCC_C_LANGUAGE_STANDARD = gnu11;
				GCC_NO_COMMON_BLOCKS = YES;
				GCC_WARN_64_TO_32_BIT_CONVERSION = YES;
				GCC_WARN_ABOUT_RETURN_TYPE = YES_ERROR;
				GCC_WARN_UNDECLARED_SELECTOR = YES;
				GCC_WARN_UNINITIALIZED_AUTOS = YES_AGGRESSIVE;
				GCC_WARN_UNUSED_FUNCTION = YES;
				GCC_WARN_UNUSED_VARIABLE = YES;
				IPHONEOS_DEPLOYMENT_TARGET = 15.5;
				MTL_ENABLE_DEBUG_INFO = NO;
				MTL_FAST_MATH = YES;
				SDKROOT = iphoneos;
				SWIFT_COMPILATION_MODE = wholemodule;
				SWIFT_OPTIMIZATION_LEVEL = "-O";
				VALIDATE_PRODUCT = YES;
			};
			name = Release;
		};
		85EF3A01286CA12800BDFC60 /* Debug */ = {
			isa = XCBuildConfiguration;
			baseConfigurationReference = 8C274C9E8B504A130BFECB0A /* Pods-DiscountApp.debug.xcconfig */;
			buildSettings = {
				ASSETCATALOG_COMPILER_APPICON_NAME = AppIcon;
				ASSETCATALOG_COMPILER_GLOBAL_ACCENT_COLOR_NAME = AccentColor;
				CODE_SIGN_STYLE = Automatic;
				CURRENT_PROJECT_VERSION = 1;
				DEVELOPMENT_TEAM = 76TUWTZW78;
				GENERATE_INFOPLIST_FILE = YES;
				INFOPLIST_FILE = DiscountApp/Application/Info.plist;
				INFOPLIST_KEY_UIApplicationSupportsIndirectInputEvents = YES;
				INFOPLIST_KEY_UILaunchStoryboardName = LaunchScreen;
				INFOPLIST_KEY_UISupportedInterfaceOrientations = "UIInterfaceOrientationLandscapeLeft UIInterfaceOrientationLandscapeRight";
				INFOPLIST_KEY_UISupportedInterfaceOrientations_iPad = "UIInterfaceOrientationLandscapeLeft UIInterfaceOrientationLandscapeRight";
				INFOPLIST_KEY_UISupportedInterfaceOrientations_iPhone = "UIInterfaceOrientationLandscapeLeft UIInterfaceOrientationLandscapeRight";
				LD_RUNPATH_SEARCH_PATHS = (
					"$(inherited)",
					"@executable_path/Frameworks",
				);
				MARKETING_VERSION = 1.0;
				PRODUCT_BUNDLE_IDENTIFIER = com.nkate.DiscountApp;
				PRODUCT_NAME = "$(TARGET_NAME)";
				SWIFT_EMIT_LOC_STRINGS = YES;
				SWIFT_VERSION = 5.0;
				TARGETED_DEVICE_FAMILY = "1,2";
			};
			name = Debug;
		};
		85EF3A02286CA12800BDFC60 /* Release */ = {
			isa = XCBuildConfiguration;
			baseConfigurationReference = 4BE23049144C4ADE6CD03277 /* Pods-DiscountApp.release.xcconfig */;
			buildSettings = {
				ASSETCATALOG_COMPILER_APPICON_NAME = AppIcon;
				ASSETCATALOG_COMPILER_GLOBAL_ACCENT_COLOR_NAME = AccentColor;
				CODE_SIGN_STYLE = Automatic;
				CURRENT_PROJECT_VERSION = 1;
				DEVELOPMENT_TEAM = 76TUWTZW78;
				GENERATE_INFOPLIST_FILE = YES;
				INFOPLIST_FILE = DiscountApp/Application/Info.plist;
				INFOPLIST_KEY_UIApplicationSupportsIndirectInputEvents = YES;
				INFOPLIST_KEY_UILaunchStoryboardName = LaunchScreen;
				INFOPLIST_KEY_UISupportedInterfaceOrientations = "UIInterfaceOrientationLandscapeLeft UIInterfaceOrientationLandscapeRight";
				INFOPLIST_KEY_UISupportedInterfaceOrientations_iPad = "UIInterfaceOrientationLandscapeLeft UIInterfaceOrientationLandscapeRight";
				INFOPLIST_KEY_UISupportedInterfaceOrientations_iPhone = "UIInterfaceOrientationLandscapeLeft UIInterfaceOrientationLandscapeRight";
				LD_RUNPATH_SEARCH_PATHS = (
					"$(inherited)",
					"@executable_path/Frameworks",
				);
				MARKETING_VERSION = 1.0;
				PRODUCT_BUNDLE_IDENTIFIER = com.nkate.DiscountApp;
				PRODUCT_NAME = "$(TARGET_NAME)";
				SWIFT_EMIT_LOC_STRINGS = YES;
				SWIFT_VERSION = 5.0;
				TARGETED_DEVICE_FAMILY = "1,2";
			};
			name = Release;
		};
/* End XCBuildConfiguration section */

/* Begin XCConfigurationList section */
		85EF39E7286CA12500BDFC60 /* Build configuration list for PBXProject "DiscountApp" */ = {
			isa = XCConfigurationList;
			buildConfigurations = (
				85EF39FE286CA12800BDFC60 /* Debug */,
				85EF39FF286CA12800BDFC60 /* Release */,
			);
			defaultConfigurationIsVisible = 0;
			defaultConfigurationName = Release;
		};
		85EF3A00286CA12800BDFC60 /* Build configuration list for PBXNativeTarget "DiscountApp" */ = {
			isa = XCConfigurationList;
			buildConfigurations = (
				85EF3A01286CA12800BDFC60 /* Debug */,
				85EF3A02286CA12800BDFC60 /* Release */,
			);
			defaultConfigurationIsVisible = 0;
			defaultConfigurationName = Release;
		};
/* End XCConfigurationList section */
	};
	rootObject = 85EF39E4286CA12500BDFC60 /* Project object */;
}
